
Microsoft Visual Studio Solution File, Format Version 12.00
# Visual Studio Version 16
VisualStudioVersion = 16.0.30204.135
MinimumVisualStudioVersion = 10.0.40219.1
Project("{9A19103F-16F7-4668-BE54-9A1E7A4F7556}") = "Domain", "Domain\Domain.csproj", "{DF28917F-0193-4B31-81C8-ADD154B5BB2F}"
EndProject
Project("{9A19103F-16F7-4668-BE54-9A1E7A4F7556}") = "Infrastructure", "Infrastructure\Infrastructure.csproj", "{3B16E854-CAD3-45EF-B6AC-CF437CCB837E}"
EndProject
Project("{9A19103F-16F7-4668-BE54-9A1E7A4F7556}") = "Site", "Site\Site.csproj", "{F919730A-4D8D-4992-BB20-AEBF66309896}"
EndProject
Project("{9A19103F-16F7-4668-BE54-9A1E7A4F7556}") = "Aplication", "Aplication\Aplication.csproj", "{EE821BCD-A245-4290-8D25-A6C2A28B9498}"
EndProject
Global
	GlobalSection(SolutionConfigurationPlatforms) = preSolution
		Debug|Any CPU = Debug|Any CPU
		Release|Any CPU = Release|Any CPU
	EndGlobalSection
	GlobalSection(ProjectConfigurationPlatforms) = postSolution
		{DF28917F-0193-4B31-81C8-ADD154B5BB2F}.Debug|Any CPU.ActiveCfg = Debug|Any CPU
		{DF28917F-0193-4B31-81C8-ADD154B5BB2F}.Debug|Any CPU.Build.0 = Debug|Any CPU
		{DF28917F-0193-4B31-81C8-ADD154B5BB2F}.Release|Any CPU.ActiveCfg = Release|Any CPU
		{DF28917F-0193-4B31-81C8-ADD154B5BB2F}.Release|Any CPU.Build.0 = Release|Any CPU
		{3B16E854-CAD3-45EF-B6AC-CF437CCB837E}.Debug|Any CPU.ActiveCfg = Debug|Any CPU
		{3B16E854-CAD3-45EF-B6AC-CF437CCB837E}.Debug|Any CPU.Build.0 = Debug|Any CPU
		{3B16E854-CAD3-45EF-B6AC-CF437CCB837E}.Release|Any CPU.ActiveCfg = Release|Any CPU
		{3B16E854-CAD3-45EF-B6AC-CF437CCB837E}.Release|Any CPU.Build.0 = Release|Any CPU
		{F919730A-4D8D-4992-BB20-AEBF66309896}.Debug|Any CPU.ActiveCfg = Debug|Any CPU
		{F919730A-4D8D-4992-BB20-AEBF66309896}.Debug|Any CPU.Build.0 = Debug|Any CPU
		{F919730A-4D8D-4992-BB20-AEBF66309896}.Release|Any CPU.ActiveCfg = Release|Any CPU
		{F919730A-4D8D-4992-BB20-AEBF66309896}.Release|Any CPU.Build.0 = Release|Any CPU
		{EE821BCD-A245-4290-8D25-A6C2A28B9498}.Debug|Any CPU.ActiveCfg = Debug|Any CPU
		{EE821BCD-A245-4290-8D25-A6C2A28B9498}.Debug|Any CPU.Build.0 = Debug|Any CPU
		{EE821BCD-A245-4290-8D25-A6C2A28B9498}.Release|Any CPU.ActiveCfg = Release|Any CPU
		{EE821BCD-A245-4290-8D25-A6C2A28B9498}.Release|Any CPU.Build.0 = Release|Any CPU
	EndGlobalSection
	GlobalSection(SolutionProperties) = preSolution
		HideSolutionNode = FALSE
	EndGlobalSection
	GlobalSection(ExtensibilityGlobals) = postSolution
		SolutionGuid = {89A67291-AEB1-4E53-BFCE-65B8CC6DF26F}
	EndGlobalSection
EndGlobal
